// !$*UTF8*$!
{
	archiveVersion = 1;
	classes = {
	};
	objectVersion = 50;
	objects = {

/* Begin PBXBuildFile section */
		6C34AE10251FDEBA00C69E01 /* RecipeViewModel.swift in Sources */ = {isa = PBXBuildFile; fileRef = 6C34AE0F251FDEBA00C69E01 /* RecipeViewModel.swift */; };
		6C34AE12251FDF6E00C69E01 /* RecipeDetailViewModel.swift in Sources */ = {isa = PBXBuildFile; fileRef = 6C34AE11251FDF6E00C69E01 /* RecipeDetailViewModel.swift */; };
		6CA11A22251FD566003FA2DB /* AppDelegate.swift in Sources */ = {isa = PBXBuildFile; fileRef = 6CA11A21251FD566003FA2DB /* AppDelegate.swift */; };
		6CA11A24251FD566003FA2DB /* SceneDelegate.swift in Sources */ = {isa = PBXBuildFile; fileRef = 6CA11A23251FD566003FA2DB /* SceneDelegate.swift */; };
		6CA11A26251FD566003FA2DB /* ViewController.swift in Sources */ = {isa = PBXBuildFile; fileRef = 6CA11A25251FD566003FA2DB /* ViewController.swift */; };
		6CA11A29251FD566003FA2DB /* Main.storyboard in Resources */ = {isa = PBXBuildFile; fileRef = 6CA11A27251FD566003FA2DB /* Main.storyboard */; };
		6CA11A2B251FD567003FA2DB /* Assets.xcassets in Resources */ = {isa = PBXBuildFile; fileRef = 6CA11A2A251FD567003FA2DB /* Assets.xcassets */; };
		6CA11A2E251FD567003FA2DB /* LaunchScreen.storyboard in Resources */ = {isa = PBXBuildFile; fileRef = 6CA11A2C251FD567003FA2DB /* LaunchScreen.storyboard */; };
		6CA11A39251FD568003FA2DB /* LetsCookTests.swift in Sources */ = {isa = PBXBuildFile; fileRef = 6CA11A38251FD568003FA2DB /* LetsCookTests.swift */; };
		6CA11A44251FD9F6003FA2DB /* Recipe.swift in Sources */ = {isa = PBXBuildFile; fileRef = 6CA11A43251FD9F6003FA2DB /* Recipe.swift */; };
		6CA11A47251FDA3E003FA2DB /* RecipeDetail.swift in Sources */ = {isa = PBXBuildFile; fileRef = 6CA11A46251FDA3E003FA2DB /* RecipeDetail.swift */; };
		6CA11A49251FDABF003FA2DB /* APIManager.swift in Sources */ = {isa = PBXBuildFile; fileRef = 6CA11A48251FDABF003FA2DB /* APIManager.swift */; };
/* End PBXBuildFile section */

/* Begin PBXContainerItemProxy section */
		6CA11A35251FD568003FA2DB /* PBXContainerItemProxy */ = {
			isa = PBXContainerItemProxy;
			containerPortal = 6CA11A16251FD566003FA2DB /* Project object */;
			proxyType = 1;
			remoteGlobalIDString = 6CA11A1D251FD566003FA2DB;
			remoteInfo = LetsCook;
		};
/* End PBXContainerItemProxy section */

/* Begin PBXFileReference section */
		6C34AE0F251FDEBA00C69E01 /* RecipeViewModel.swift */ = {isa = PBXFileReference; lastKnownFileType = sourcecode.swift; path = RecipeViewModel.swift; sourceTree = "<group>"; };
		6C34AE11251FDF6E00C69E01 /* RecipeDetailViewModel.swift */ = {isa = PBXFileReference; lastKnownFileType = sourcecode.swift; path = RecipeDetailViewModel.swift; sourceTree = "<group>"; };
		6CA11A1E251FD566003FA2DB /* LetsCook.app */ = {isa = PBXFileReference; explicitFileType = wrapper.application; includeInIndex = 0; path = LetsCook.app; sourceTree = BUILT_PRODUCTS_DIR; };
		6CA11A21251FD566003FA2DB /* AppDelegate.swift */ = {isa = PBXFileReference; lastKnownFileType = sourcecode.swift; path = AppDelegate.swift; sourceTree = "<group>"; };
		6CA11A23251FD566003FA2DB /* SceneDelegate.swift */ = {isa = PBXFileReference; lastKnownFileType = sourcecode.swift; path = SceneDelegate.swift; sourceTree = "<group>"; };
		6CA11A25251FD566003FA2DB /* ViewController.swift */ = {isa = PBXFileReference; lastKnownFileType = sourcecode.swift; path = ViewController.swift; sourceTree = "<group>"; };
		6CA11A28251FD566003FA2DB /* Base */ = {isa = PBXFileReference; lastKnownFileType = file.storyboard; name = Base; path = Base.lproj/Main.storyboard; sourceTree = "<group>"; };
		6CA11A2A251FD567003FA2DB /* Assets.xcassets */ = {isa = PBXFileReference; lastKnownFileType = folder.assetcatalog; path = Assets.xcassets; sourceTree = "<group>"; };
		6CA11A2D251FD567003FA2DB /* Base */ = {isa = PBXFileReference; lastKnownFileType = file.storyboard; name = Base; path = Base.lproj/LaunchScreen.storyboard; sourceTree = "<group>"; };
		6CA11A2F251FD567003FA2DB /* Info.plist */ = {isa = PBXFileReference; lastKnownFileType = text.plist.xml; path = Info.plist; sourceTree = "<group>"; };
		6CA11A34251FD568003FA2DB /* LetsCookTests.xctest */ = {isa = PBXFileReference; explicitFileType = wrapper.cfbundle; includeInIndex = 0; path = LetsCookTests.xctest; sourceTree = BUILT_PRODUCTS_DIR; };
		6CA11A38251FD568003FA2DB /* LetsCookTests.swift */ = {isa = PBXFileReference; lastKnownFileType = sourcecode.swift; path = LetsCookTests.swift; sourceTree = "<group>"; };
		6CA11A3A251FD568003FA2DB /* Info.plist */ = {isa = PBXFileReference; lastKnownFileType = text.plist.xml; path = Info.plist; sourceTree = "<group>"; };
		6CA11A43251FD9F6003FA2DB /* Recipe.swift */ = {isa = PBXFileReference; lastKnownFileType = sourcecode.swift; path = Recipe.swift; sourceTree = "<group>"; };
		6CA11A46251FDA3E003FA2DB /* RecipeDetail.swift */ = {isa = PBXFileReference; lastKnownFileType = sourcecode.swift; path = RecipeDetail.swift; sourceTree = "<group>"; };
		6CA11A48251FDABF003FA2DB /* APIManager.swift */ = {isa = PBXFileReference; lastKnownFileType = sourcecode.swift; path = APIManager.swift; sourceTree = "<group>"; };
/* End PBXFileReference section */

/* Begin PBXFrameworksBuildPhase section */
		6CA11A1B251FD566003FA2DB /* Frameworks */ = {
			isa = PBXFrameworksBuildPhase;
			buildActionMask = 2147483647;
			files = (
			);
			runOnlyForDeploymentPostprocessing = 0;
		};
		6CA11A31251FD568003FA2DB /* Frameworks */ = {
			isa = PBXFrameworksBuildPhase;
			buildActionMask = 2147483647;
			files = (
			);
			runOnlyForDeploymentPostprocessing = 0;
		};
/* End PBXFrameworksBuildPhase section */

/* Begin PBXGroup section */
		6C34AE0E251FDE9A00C69E01 /* ViewModel */ = {
			isa = PBXGroup;
			children = (
				6C34AE0F251FDEBA00C69E01 /* RecipeViewModel.swift */,
				6C34AE11251FDF6E00C69E01 /* RecipeDetailViewModel.swift */,
			);
			path = ViewModel;
			sourceTree = "<group>";
		};
		6CA11A15251FD566003FA2DB = {
			isa = PBXGroup;
			children = (
				6CA11A20251FD566003FA2DB /* LetsCook */,
				6CA11A37251FD568003FA2DB /* LetsCookTests */,
				6CA11A1F251FD566003FA2DB /* Products */,
			);
			sourceTree = "<group>";
		};
		6CA11A1F251FD566003FA2DB /* Products */ = {
			isa = PBXGroup;
			children = (
				6CA11A1E251FD566003FA2DB /* LetsCook.app */,
				6CA11A34251FD568003FA2DB /* LetsCookTests.xctest */,
			);
			name = Products;
			sourceTree = "<group>";
		};
		6CA11A20251FD566003FA2DB /* LetsCook */ = {
			isa = PBXGroup;
			children = (
				6C34AE0E251FDE9A00C69E01 /* ViewModel */,
				6CA11A4A251FDAC4003FA2DB /* Networking */,
				6CA11A45251FDA2B003FA2DB /* Model */,
				6CA11A21251FD566003FA2DB /* AppDelegate.swift */,
				6CA11A23251FD566003FA2DB /* SceneDelegate.swift */,
				6CA11A25251FD566003FA2DB /* ViewController.swift */,
				6CA11A27251FD566003FA2DB /* Main.storyboard */,
				6CA11A2A251FD567003FA2DB /* Assets.xcassets */,
				6CA11A2C251FD567003FA2DB /* LaunchScreen.storyboard */,
				6CA11A2F251FD567003FA2DB /* Info.plist */,
			);
			path = LetsCook;
			sourceTree = "<group>";
		};
		6CA11A37251FD568003FA2DB /* LetsCookTests */ = {
			isa = PBXGroup;
			children = (
				6CA11A38251FD568003FA2DB /* LetsCookTests.swift */,
				6CA11A3A251FD568003FA2DB /* Info.plist */,
			);
			path = LetsCookTests;
			sourceTree = "<group>";
		};
		6CA11A45251FDA2B003FA2DB /* Model */ = {
			isa = PBXGroup;
			children = (
				6CA11A43251FD9F6003FA2DB /* Recipe.swift */,
				6CA11A46251FDA3E003FA2DB /* RecipeDetail.swift */,
			);
			path = Model;
			sourceTree = "<group>";
		};
		6CA11A4A251FDAC4003FA2DB /* Networking */ = {
			isa = PBXGroup;
			children = (
				6CA11A48251FDABF003FA2DB /* APIManager.swift */,
			);
			path = Networking;
			sourceTree = "<group>";
		};
/* End PBXGroup section */

/* Begin PBXNativeTarget section */
		6CA11A1D251FD566003FA2DB /* LetsCook */ = {
			isa = PBXNativeTarget;
			buildConfigurationList = 6CA11A3D251FD568003FA2DB /* Build configuration list for PBXNativeTarget "LetsCook" */;
			buildPhases = (
				6CA11A1A251FD566003FA2DB /* Sources */,
				6CA11A1B251FD566003FA2DB /* Frameworks */,
				6CA11A1C251FD566003FA2DB /* Resources */,
			);
			buildRules = (
			);
			dependencies = (
			);
			name = LetsCook;
			productName = LetsCook;
			productReference = 6CA11A1E251FD566003FA2DB /* LetsCook.app */;
			productType = "com.apple.product-type.application";
		};
		6CA11A33251FD568003FA2DB /* LetsCookTests */ = {
			isa = PBXNativeTarget;
			buildConfigurationList = 6CA11A40251FD568003FA2DB /* Build configuration list for PBXNativeTarget "LetsCookTests" */;
			buildPhases = (
				6CA11A30251FD568003FA2DB /* Sources */,
				6CA11A31251FD568003FA2DB /* Frameworks */,
				6CA11A32251FD568003FA2DB /* Resources */,
			);
			buildRules = (
			);
			dependencies = (
				6CA11A36251FD568003FA2DB /* PBXTargetDependency */,
			);
			name = LetsCookTests;
			productName = LetsCookTests;
			productReference = 6CA11A34251FD568003FA2DB /* LetsCookTests.xctest */;
			productType = "com.apple.product-type.bundle.unit-test";
		};
/* End PBXNativeTarget section */

/* Begin PBXProject section */
		6CA11A16251FD566003FA2DB /* Project object */ = {
			isa = PBXProject;
			attributes = {
				LastSwiftUpdateCheck = 1150;
				LastUpgradeCheck = 1150;
				ORGANIZATIONNAME = catalina;
				TargetAttributes = {
					6CA11A1D251FD566003FA2DB = {
						CreatedOnToolsVersion = 11.5;
					};
					6CA11A33251FD568003FA2DB = {
						CreatedOnToolsVersion = 11.5;
						TestTargetID = 6CA11A1D251FD566003FA2DB;
					};
				};
			};
			buildConfigurationList = 6CA11A19251FD566003FA2DB /* Build configuration list for PBXProject "LetsCook" */;
			compatibilityVersion = "Xcode 9.3";
			developmentRegion = en;
			hasScannedForEncodings = 0;
			knownRegions = (
				en,
				Base,
			);
			mainGroup = 6CA11A15251FD566003FA2DB;
			productRefGroup = 6CA11A1F251FD566003FA2DB /* Products */;
			projectDirPath = "";
			projectRoot = "";
			targets = (
				6CA11A1D251FD566003FA2DB /* LetsCook */,
				6CA11A33251FD568003FA2DB /* LetsCookTests */,
			);
		};
/* End PBXProject section */

/* Begin PBXResourcesBuildPhase section */
		6CA11A1C251FD566003FA2DB /* Resources */ = {
			isa = PBXResourcesBuildPhase;
			buildActionMask = 2147483647;
			files = (
				6CA11A2E251FD567003FA2DB /* LaunchScreen.storyboard in Resources */,
				6CA11A2B251FD567003FA2DB /* Assets.xcassets in Resources */,
				6CA11A29251FD566003FA2DB /* Main.storyboard in Resources */,
			);
			runOnlyForDeploymentPostprocessing = 0;
		};
		6CA11A32251FD568003FA2DB /* Resources */ = {
			isa = PBXResourcesBuildPhase;
			buildActionMask = 2147483647;
			files = (
			);
			runOnlyForDeploymentPostprocessing = 0;
		};
/* End PBXResourcesBuildPhase section */

/* Begin PBXSourcesBuildPhase section */
		6CA11A1A251FD566003FA2DB /* Sources */ = {
			isa = PBXSourcesBuildPhase;
			buildActionMask = 2147483647;
			files = (
				6CA11A49251FDABF003FA2DB /* APIManager.swift in Sources */,
				6CA11A26251FD566003FA2DB /* ViewController.swift in Sources */,
				6CA11A22251FD566003FA2DB /* AppDelegate.swift in Sources */,
				6C34AE10251FDEBA00C69E01 /* RecipeViewModel.swift in Sources */,
				6CA11A47251FDA3E003FA2DB /* RecipeDetail.swift in Sources */,
				6C34AE12251FDF6E00C69E01 /* RecipeDetailViewModel.swift in Sources */,
				6CA11A24251FD566003FA2DB /* SceneDelegate.swift in Sources */,
				6CA11A44251FD9F6003FA2DB /* Recipe.swift in Sources */,
			);
			runOnlyForDeploymentPostprocessing = 0;
		};
		6CA11A30251FD568003FA2DB /* Sources */ = {
			isa = PBXSourcesBuildPhase;
			buildActionMask = 2147483647;
			files = (
				6CA11A39251FD568003FA2DB /* LetsCookTests.swift in Sources */,
			);
			runOnlyForDeploymentPostprocessing = 0;
		};
/* End PBXSourcesBuildPhase section */

/* Begin PBXTargetDependency section */
		6CA11A36251FD568003FA2DB /* PBXTargetDependency */ = {
			isa = PBXTargetDependency;
			target = 6CA11A1D251FD566003FA2DB /* LetsCook */;
			targetProxy = 6CA11A35251FD568003FA2DB /* PBXContainerItemProxy */;
		};
/* End PBXTargetDependency section */

/* Begin PBXVariantGroup section */
		6CA11A27251FD566003FA2DB /* Main.storyboard */ = {
			isa = PBXVariantGroup;
			children = (
				6CA11A28251FD566003FA2DB /* Base */,
			);
			name = Main.storyboard;
			sourceTree = "<group>";
		};
		6CA11A2C251FD567003FA2DB /* LaunchScreen.storyboard */ = {
			isa = PBXVariantGroup;
			children = (
				6CA11A2D251FD567003FA2DB /* Base */,
			);
			name = LaunchScreen.storyboard;
			sourceTree = "<group>";
		};
/* End PBXVariantGroup section */

/* Begin XCBuildConfiguration section */
		6CA11A3B251FD568003FA2DB /* Debug */ = {
			isa = XCBuildConfiguration;
			buildSettings = {
				ALWAYS_SEARCH_USER_PATHS = NO;
				CLANG_ANALYZER_NONNULL = YES;
				CLANG_ANALYZER_NUMBER_OBJECT_CONVERSION = YES_AGGRESSIVE;
				CLANG_CXX_LANGUAGE_STANDARD = "gnu++14";
				CLANG_CXX_LIBRARY = "libc++";
				CLANG_ENABLE_MODULES = YES;
				CLANG_ENABLE_OBJC_ARC = YES;
				CLANG_ENABLE_OBJC_WEAK = YES;
				CLANG_WARN_BLOCK_CAPTURE_AUTORELEASING = YES;
				CLANG_WARN_BOOL_CONVERSION = YES;
				CLANG_WARN_COMMA = YES;
				CLANG_WARN_CONSTANT_CONVERSION = YES;
				CLANG_WARN_DEPRECATED_OBJC_IMPLEMENTATIONS = YES;
				CLANG_WARN_DIRECT_OBJC_ISA_USAGE = YES_ERROR;
				CLANG_WARN_DOCUMENTATION_COMMENTS = YES;
				CLANG_WARN_EMPTY_BODY = YES;
				CLANG_WARN_ENUM_CONVERSION = YES;
				CLANG_WARN_INFINITE_RECURSION = YES;
				CLANG_WARN_INT_CONVERSION = YES;
				CLANG_WARN_NON_LITERAL_NULL_CONVERSION = YES;
				CLANG_WARN_OBJC_IMPLICIT_RETAIN_SELF = YES;
				CLANG_WARN_OBJC_LITERAL_CONVERSION = YES;
				CLANG_WARN_OBJC_ROOT_CLASS = YES_ERROR;
				CLANG_WARN_RANGE_LOOP_ANALYSIS = YES;
				CLANG_WARN_STRICT_PROTOTYPES = YES;
				CLANG_WARN_SUSPICIOUS_MOVE = YES;
				CLANG_WARN_UNGUARDED_AVAILABILITY = YES_AGGRESSIVE;
				CLANG_WARN_UNREACHABLE_CODE = YES;
				CLANG_WARN__DUPLICATE_METHOD_MATCH = YES;
				COPY_PHASE_STRIP = NO;
				DEBUG_INFORMATION_FORMAT = dwarf;
				ENABLE_STRICT_OBJC_MSGSEND = YES;
				ENABLE_TESTABILITY = YES;
				GCC_C_LANGUAGE_STANDARD = gnu11;
				GCC_DYNAMIC_NO_PIC = NO;
				GCC_NO_COMMON_BLOCKS = YES;
				GCC_OPTIMIZATION_LEVEL = 0;
				GCC_PREPROCESSOR_DEFINITIONS = (
					"DEBUG=1",
					"$(inherited)",
				);
				GCC_WARN_64_TO_32_BIT_CONVERSION = YES;
				GCC_WARN_ABOUT_RETURN_TYPE = YES_ERROR;
				GCC_WARN_UNDECLARED_SELECTOR = YES;
				GCC_WARN_UNINITIALIZED_AUTOS = YES_AGGRESSIVE;
				GCC_WARN_UNUSED_FUNCTION = YES;
				GCC_WARN_UNUSED_VARIABLE = YES;
				IPHONEOS_DEPLOYMENT_TARGET = 13.5;
				MTL_ENABLE_DEBUG_INFO = INCLUDE_SOURCE;
				MTL_FAST_MATH = YES;
				ONLY_ACTIVE_ARCH = YES;
				SDKROOT = iphoneos;
				SWIFT_ACTIVE_COMPILATION_CONDITIONS = DEBUG;
				SWIFT_OPTIMIZATION_LEVEL = "-Onone";
			};
			name = Debug;
		};
		6CA11A3C251FD568003FA2DB /* Release */ = {
			isa = XCBuildConfiguration;
			buildSettings = {
				ALWAYS_SEARCH_USER_PATHS = NO;
				CLANG_ANALYZER_NONNULL = YES;
				CLANG_ANALYZER_NUMBER_OBJECT_CONVERSION = YES_AGGRESSIVE;
				CLANG_CXX_LANGUAGE_STANDARD = "gnu++14";
				CLANG_CXX_LIBRARY = "libc++";
				CLANG_ENABLE_MODULES = YES;
				CLANG_ENABLE_OBJC_ARC = YES;
				CLANG_ENABLE_OBJC_WEAK = YES;
				CLANG_WARN_BLOCK_CAPTURE_AUTORELEASING = YES;
				CLANG_WARN_BOOL_CONVERSION = YES;
				CLANG_WARN_COMMA = YES;
				CLANG_WARN_CONSTANT_CONVERSION = YES;
				CLANG_WARN_DEPRECATED_OBJC_IMPLEMENTATIONS = YES;
				CLANG_WARN_DIRECT_OBJC_ISA_USAGE = YES_ERROR;
				CLANG_WARN_DOCUMENTATION_COMMENTS = YES;
				CLANG_WARN_EMPTY_BODY = YES;
				CLANG_WARN_ENUM_CONVERSION = YES;
				CLANG_WARN_INFINITE_RECURSION = YES;
				CLANG_WARN_INT_CONVERSION = YES;
				CLANG_WARN_NON_LITERAL_NULL_CONVERSION = YES;
				CLANG_WARN_OBJC_IMPLICIT_RETAIN_SELF = YES;
				CLANG_WARN_OBJC_LITERAL_CONVERSION = YES;
				CLANG_WARN_OBJC_ROOT_CLASS = YES_ERROR;
				CLANG_WARN_RANGE_LOOP_ANALYSIS = YES;
				CLANG_WARN_STRICT_PROTOTYPES = YES;
				CLANG_WARN_SUSPICIOUS_MOVE = YES;
				CLANG_WARN_UNGUARDED_AVAILABILITY = YES_AGGRESSIVE;
				CLANG_WARN_UNREACHABLE_CODE = YES;
				CLANG_WARN__DUPLICATE_METHOD_MATCH = YES;
				COPY_PHASE_STRIP = NO;
				DEBUG_INFORMATION_FORMAT = "dwarf-with-dsym";
				ENABLE_NS_ASSERTIONS = NO;
				ENABLE_STRICT_OBJC_MSGSEND = YES;
				GCC_C_LANGUAGE_STANDARD = gnu11;
				GCC_NO_COMMON_BLOCKS = YES;
				GCC_WARN_64_TO_32_BIT_CONVERSION = YES;
				GCC_WARN_ABOUT_RETURN_TYPE = YES_ERROR;
				GCC_WARN_UNDECLARED_SELECTOR = YES;
				GCC_WARN_UNINITIALIZED_AUTOS = YES_AGGRESSIVE;
				GCC_WARN_UNUSED_FUNCTION = YES;
				GCC_WARN_UNUSED_VARIABLE = YES;
				IPHONEOS_DEPLOYMENT_TARGET = 13.5;
				MTL_ENABLE_DEBUG_INFO = NO;
				MTL_FAST_MATH = YES;
				SDKROOT = iphoneos;
				SWIFT_COMPILATION_MODE = wholemodule;
				SWIFT_OPTIMIZATION_LEVEL = "-O";
				VALIDATE_PRODUCT = YES;
			};
			name = Release;
		};
		6CA11A3E251FD568003FA2DB /* Debug */ = {
			isa = XCBuildConfiguration;
			buildSettings = {
				ASSETCATALOG_COMPILER_APPICON_NAME = AppIcon;
				CODE_SIGN_STYLE = Automatic;
				DEVELOPMENT_TEAM = 37985L6XJX;
				INFOPLIST_FILE = LetsCook/Info.plist;
				LD_RUNPATH_SEARCH_PATHS = (
					"$(inherited)",
					"@executable_path/Frameworks",
				);
				PRODUCT_BUNDLE_IDENTIFIER = com.catalina.LetsCook;
				PRODUCT_NAME = "$(TARGET_NAME)";
				SWIFT_VERSION = 5.0;
				TARGETED_DEVICE_FAMILY = "1,2";
			};
			name = Debug;
		};
		6CA11A3F251FD568003FA2DB /* Release */ = {
			isa = XCBuildConfiguration;
			buildSettings = {
				ASSETCATALOG_COMPILER_APPICON_NAME = AppIcon;
				CODE_SIGN_STYLE = Automatic;
				DEVELOPMENT_TEAM = 37985L6XJX;
				INFOPLIST_FILE = LetsCook/Info.plist;
				LD_RUNPATH_SEARCH_PATHS = (
					"$(inherited)",
					"@executable_path/Frameworks",
				);
				PRODUCT_BUNDLE_IDENTIFIER = com.catalina.LetsCook;
				PRODUCT_NAME = "$(TARGET_NAME)";
				SWIFT_VERSION = 5.0;
				TARGETED_DEVICE_FAMILY = "1,2";
			};
			name = Release;
		};
		6CA11A41251FD568003FA2DB /* Debug */ = {
			isa = XCBuildConfiguration;
			buildSettings = {
				ALWAYS_EMBED_SWIFT_STANDARD_LIBRARIES = YES;
				BUNDLE_LOADER = "$(TEST_HOST)";
				CODE_SIGN_STYLE = Automatic;
				DEVELOPMENT_TEAM = 37985L6XJX;
				INFOPLIST_FILE = LetsCookTests/Info.plist;
				IPHONEOS_DEPLOYMENT_TARGET = 13.5;
				LD_RUNPATH_SEARCH_PATHS = (
					"$(inherited)",
					"@executable_path/Frameworks",
					"@loader_path/Frameworks",
				);
				PRODUCT_BUNDLE_IDENTIFIER = com.catalina.LetsCookTests;
				PRODUCT_NAME = "$(TARGET_NAME)";
				SWIFT_VERSION = 5.0;
				TARGETED_DEVICE_FAMILY = "1,2";
				TEST_HOST = "$(BUILT_PRODUCTS_DIR)/LetsCook.app/LetsCook";
			};
			name = Debug;
		};
		6CA11A42251FD568003FA2DB /* Release */ = {
			isa = XCBuildConfiguration;
			buildSettings = {
				ALWAYS_EMBED_SWIFT_STANDARD_LIBRARIES = YES;
				BUNDLE_LOADER = "$(TEST_HOST)";
				CODE_SIGN_STYLE = Automatic;
				DEVELOPMENT_TEAM = 37985L6XJX;
				INFOPLIST_FILE = LetsCookTests/Info.plist;
				IPHONEOS_DEPLOYMENT_TARGET = 13.5;
				LD_RUNPATH_SEARCH_PATHS = (
					"$(inherited)",
					"@executable_path/Frameworks",
					"@loader_path/Frameworks",
				);
				PRODUCT_BUNDLE_IDENTIFIER = com.catalina.LetsCookTests;
				PRODUCT_NAME = "$(TARGET_NAME)";
				SWIFT_VERSION = 5.0;
				TARGETED_DEVICE_FAMILY = "1,2";
				TEST_HOST = "$(BUILT_PRODUCTS_DIR)/LetsCook.app/LetsCook";
			};
			name = Release;
		};
/* End XCBuildConfiguration section */

/* Begin XCConfigurationList section */
		6CA11A19251FD566003FA2DB /* Build configuration list for PBXProject "LetsCook" */ = {
			isa = XCConfigurationList;
			buildConfigurations = (
				6CA11A3B251FD568003FA2DB /* Debug */,
				6CA11A3C251FD568003FA2DB /* Release */,
			);
			defaultConfigurationIsVisible = 0;
			defaultConfigurationName = Release;
		};
		6CA11A3D251FD568003FA2DB /* Build configuration list for PBXNativeTarget "LetsCook" */ = {
			isa = XCConfigurationList;
			buildConfigurations = (
				6CA11A3E251FD568003FA2DB /* Debug */,
				6CA11A3F251FD568003FA2DB /* Release */,
			);
			defaultConfigurationIsVisible = 0;
			defaultConfigurationName = Release;
		};
		6CA11A40251FD568003FA2DB /* Build configuration list for PBXNativeTarget "LetsCookTests" */ = {
			isa = XCConfigurationList;
			buildConfigurations = (
				6CA11A41251FD568003FA2DB /* Debug */,
				6CA11A42251FD568003FA2DB /* Release */,
			);
			defaultConfigurationIsVisible = 0;
			defaultConfigurationName = Release;
		};
/* End XCConfigurationList section */
	};
	rootObject = 6CA11A16251FD566003FA2DB /* Project object */;
}
